
Microsoft Visual Studio Solution File, Format Version 12.00
# Visual Studio Version 17
VisualStudioVersion = 17.2.32526.322
MinimumVisualStudioVersion = 10.0.40219.1
Project("{FAE04EC0-301F-11D3-BF4B-00C04F79EFBC}") = "D6Invoice", "D6Invoice\D6Invoice.csproj", "{1BBD2966-F967-47FD-B09F-8ED49FA52874}"
EndProject
Global
	GlobalSection(SolutionConfigurationPlatforms) = preSolution
		Debug|Any CPU = Debug|Any CPU
		Release|Any CPU = Release|Any CPU
	EndGlobalSection
	GlobalSection(ProjectConfigurationPlatforms) = postSolution
		{1BBD2966-F967-47FD-B09F-8ED49FA52874}.Debug|Any CPU.ActiveCfg = Debug|Any CPU
		{1BBD2966-F967-47FD-B09F-8ED49FA52874}.Debug|Any CPU.Build.0 = Debug|Any CPU
		{1BBD2966-F967-47FD-B09F-8ED49FA52874}.Release|Any CPU.ActiveCfg = Release|Any CPU
		{1BBD2966-F967-47FD-B09F-8ED49FA52874}.Release|Any CPU.Build.0 = Release|Any CPU
	EndGlobalSection
	GlobalSection(SolutionProperties) = preSolution
		HideSolutionNode = FALSE
	EndGlobalSection
	GlobalSection(ExtensibilityGlobals) = postSolution
		SolutionGuid = {14A1AC25-A266-4B1E-9A8F-26E27F65EF91}
	EndGlobalSection
EndGlobal
